<?xml version="1.0" encoding="utf-8"?>
<Project ToolsVersion="4.0" xmlns="http://schemas.microsoft.com/developer/msbuild/2003">
  <ItemGroup>
    <Filter Include="Source Files">
      <UniqueIdentifier>{e1c216e3-d3ef-4730-ac80-e3bc3f780a24}</UniqueIdentifier>
      <Extensions>cpp;c;cxx;rc;def;r;odl;idl;hpj;bat</Extensions>
    </Filter>
    <Filter Include="Header Files">
      <UniqueIdentifier>{891f2c1e-2ded-47aa-8932-37d71840ba0b}</UniqueIdentifier>
      <Extensions>h;hpp;hxx;hm;inl</Extensions>
    </Filter>
    <Filter Include="Resource Files">
      <UniqueIdentifier>{f0d36c43-9b58-4ce8-9d99-2799f63a52e4}</UniqueIdentifier>
      <Extensions>ico;cur;bmp;dlg;rc2;rct;bin;rgs;gif;jpg;jpeg;jpe</Extensions>
    </Filter>
    <Filter Include="Help Files">
      <UniqueIdentifier>{b64783ea-74bb-4648-895a-f5a7ff6c2517}</UniqueIdentifier>
      <Extensions>cnt;rtf</Extensions>
    </Filter>
  </ItemGroup>
  <ItemGroup>
    <ClCompile Include="CtrlNotes.cpp">
      <Filter>Source Files</Filter>
    </ClCompile>
    <ClCompile Include="CtrlStaff.cpp">
      <Filter>Source Files</Filter>
    </ClCompile>
    <ClCompile Include="DialogMain.cpp">
      <Filter>Source Files</Filter>
    </ClCompile>
    <ClCompile Include="LogTrace.cpp">
      <Filter>Source Files</Filter>
    </ClCompile>
    <ClCompile Include="Music.cpp">
      <Filter>Source Files</Filter>
    </ClCompile>
    <ClCompile Include="Page.cpp">
      <Filter>Source Files</Filter>
    </ClCompile>
    <ClCompile Include="PageAbout.cpp">
      <Filter>Source Files</Filter>
    </ClCompile>
    <ClCompile Include="PageNotes.cpp">
      <Filter>Source Files</Filter>
    </ClCompile>
    <ClCompile Include="PagePitch.cpp">
      <Filter>Source Files</Filter>
    </ClCompile>
    <ClCompile Include="PageProgress.cpp">
      <Filter>Source Files</Filter>
    </ClCompile>
    <ClCompile Include="PageRhythms.cpp">
      <Filter>Source Files</Filter>
    </ClCompile>
    <ClCompile Include="PageSymbols.cpp">
      <Filter>Source Files</Filter>
    </ClCompile>
    <ClCompile Include="PageWelcome.cpp">
      <Filter>Source Files</Filter>
    </ClCompile>
    <ClCompile Include="StdAfx.cpp">
      <Filter>Source Files</Filter>
    </ClCompile>
  </ItemGroup>
  <ItemGroup>
    <ClInclude Include="CtrlNotes.h">
      <Filter>Source Files</Filter>
    </ClInclude>
    <ClInclude Include="CtrlStaff.h">
      <Filter>Source Files</Filter>
    </ClInclude>
    <ClInclude Include="DialogMain.h">
      <Filter>Header Files</Filter>
    </ClInclude>
    <ClInclude Include="LogTrace.h">
      <Filter>Header Files</Filter>
    </ClInclude>
    <ClInclude Include="MemDC.h">
      <Filter>Header Files</Filter>
    </ClInclude>
    <ClInclude Include="Music.h">
      <Filter>Header Files</Filter>
    </ClInclude>
    <ClInclude Include="Page.h">
      <Filter>Header Files</Filter>
    </ClInclude>
    <ClInclude Include="PageAbout.h">
      <Filter>Header Files</Filter>
    </ClInclude>
    <ClInclude Include="PageNotes.h">
      <Filter>Header Files</Filter>
    </ClInclude>
    <ClInclude Include="PagePitch.h">
      <Filter>Header Files</Filter>
    </ClInclude>
    <ClInclude Include="PageProgress.h">
      <Filter>Header Files</Filter>
    </ClInclude>
    <ClInclude Include="PageRhythms.h">
      <Filter>Header Files</Filter>
    </ClInclude>
    <ClInclude Include="PageSymbols.h">
      <Filter>Header Files</Filter>
    </ClInclude>
    <ClInclude Include="PageWelcome.h">
      <Filter>Header Files</Filter>
    </ClInclude>
    <ClInclude Include="StdAfx.h">
      <Filter>Header Files</Filter>
    </ClInclude>
  </ItemGroup>
  <ItemGroup>
    <ResourceCompile Include="Music.rc">
      <Filter>Source Files</Filter>
    </ResourceCompile>
  </ItemGroup>
  <ItemGroup>
    <CustomBuild Include="hlp\Music.hpj">
      <Filter>Source Files</Filter>
    </CustomBuild>
    <CustomBuild Include="Resource.h">
      <Filter>Header Files</Filter>
    </CustomBuild>
    <CustomBuild Include="res\Company.ico">
      <Filter>Resource Files</Filter>
    </CustomBuild>
    <CustomBuild Include="res\ico00001.ico">
      <Filter>Resource Files</Filter>
    </CustomBuild>
    <CustomBuild Include="res\icon1.ico">
      <Filter>Resource Files</Filter>
    </CustomBuild>
    <CustomBuild Include="res\Intaglio green on black (256 color only).ico">
      <Filter>Resource Files</Filter>
    </CustomBuild>
    <CustomBuild Include="res\Music.ico">
      <Filter>Resource Files</Filter>
    </CustomBuild>
    <CustomBuild Include="res\Music.rc2">
      <Filter>Resource Files</Filter>
    </CustomBuild>
    <CustomBuild Include="res\note.bmp">
      <Filter>Resource Files</Filter>
    </CustomBuild>
    <CustomBuild Include="res\note2.ico">
      <Filter>Resource Files</Filter>
    </CustomBuild>
    <CustomBuild Include="res\Piano.ico">
      <Filter>Resource Files</Filter>
    </CustomBuild>
    <CustomBuild Include="res\Piano2.ico">
      <Filter>Resource Files</Filter>
    </CustomBuild>
    <CustomBuild Include="res\staff.bmp">
      <Filter>Resource Files</Filter>
    </CustomBuild>
    <CustomBuild Include="hlp\AfxDlg.rtf">
      <Filter>Help Files</Filter>
    </CustomBuild>
    <CustomBuild Include="hlp\Music.cnt">
      <Filter>Help Files</Filter>
    </CustomBuild>
    <CustomBuild Include="ReadMe.txt" />
    <CustomBuild Include="res\right1.wav">
      <Filter>Resource Files</Filter>
    </CustomBuild>
    <CustomBuild Include="res\right10.wav">
      <Filter>Resource Files</Filter>
    </CustomBuild>
    <CustomBuild Include="res\right2.wav">
      <Filter>Resource Files</Filter>
    </CustomBuild>
    <CustomBuild Include="res\right3.wav">
      <Filter>Resource Files</Filter>
    </CustomBuild>
    <CustomBuild Include="res\right4.wav">
      <Filter>Resource Files</Filter>
    </CustomBuild>
    <CustomBuild Include="res\right5.wav">
      <Filter>Resource Files</Filter>
    </CustomBuild>
    <CustomBuild Include="res\right6.wav">
      <Filter>Resource Files</Filter>
    </CustomBuild>
    <CustomBuild Include="res\right8.wav">
      <Filter>Resource Files</Filter>
    </CustomBuild>
    <CustomBuild Include="res\right7.wav">
      <Filter>Resource Files</Filter>
    </CustomBuild>
    <CustomBuild Include="res\right9.wav">
      <Filter>Resource Files</Filter>
    </CustomBuild>
    <CustomBuild Include="res\wrong2.wav">
      <Filter>Resource Files</Filter>
    </CustomBuild>
    <CustomBuild Include="res\wrong1.wav">
      <Filter>Resource Files</Filter>
    </CustomBuild>
    <CustomBuild Include="res\wrong3.wav">
      <Filter>Resource Files</Filter>
    </CustomBuild>
    <CustomBuild Include="res\wrong6.wav">
      <Filter>Resource Files</Filter>
    </CustomBuild>
    <CustomBuild Include="res\wrong4.wav">
      <Filter>Resource Files</Filter>
    </CustomBuild>
    <CustomBuild Include="res\wrong5.wav">
      <Filter>Resource Files</Filter>
    </CustomBuild>
  </ItemGroup>
</Project>